
Microsoft Visual Studio Solution File, Format Version 12.00
# Visual Studio Version 17
VisualStudioVersion = 17.14.36203.30 d17.14
MinimumVisualStudioVersion = 10.0.40219.1
Project("{FAE04EC0-301F-11D3-BF4B-00C04F79EFBC}") = "parryPrototype", "parryPrototype\parryPrototype.csproj", "{53FFD31D-DE9D-44AB-9651-7E87290E57BC}"
EndProject
Global
	GlobalSection(SolutionConfigurationPlatforms) = preSolution
		Debug|Any CPU = Debug|Any CPU
		Release|Any CPU = Release|Any CPU
	EndGlobalSection
	GlobalSection(ProjectConfigurationPlatforms) = postSolution
		{53FFD31D-DE9D-44AB-9651-7E87290E57BC}.Debug|Any CPU.ActiveCfg = Debug|Any CPU
		{53FFD31D-DE9D-44AB-9651-7E87290E57BC}.Debug|Any CPU.Build.0 = Debug|Any CPU
		{53FFD31D-DE9D-44AB-9651-7E87290E57BC}.Release|Any CPU.ActiveCfg = Release|Any CPU
		{53FFD31D-DE9D-44AB-9651-7E87290E57BC}.Release|Any CPU.Build.0 = Release|Any CPU
	EndGlobalSection
	GlobalSection(SolutionProperties) = preSolution
		HideSolutionNode = FALSE
	EndGlobalSection
	GlobalSection(ExtensibilityGlobals) = postSolution
		SolutionGuid = {25CC9655-BE83-4DB4-BF2D-FD80E58E7A0B}
	EndGlobalSection
EndGlobal
